
Microsoft Visual Studio Solution File, Format Version 12.00
# Visual Studio Version 16
VisualStudioVersion = 16.0.31624.102
MinimumVisualStudioVersion = 10.0.40219.1
Project("{9A19103F-16F7-4668-BE54-9A1E7A4F7556}") = "CoreDemo", "CoreDemo\CoreDemo.csproj", "{2AFF7B18-DF68-4A71-9C33-4F5F0C3B32EE}"
EndProject
Project("{FAE04EC0-301F-11D3-BF4B-00C04F79EFBC}") = "EntityLayer", "EntityLayer\EntityLayer.csproj", "{973584B8-FAFE-4AD1-A041-076B0CC70844}"
EndProject
Project("{FAE04EC0-301F-11D3-BF4B-00C04F79EFBC}") = "DataAccessLayer", "DataAccessLayer\DataAccessLayer.csproj", "{FD121A8C-87AA-49D7-9734-646D343E5244}"
EndProject
Project("{FAE04EC0-301F-11D3-BF4B-00C04F79EFBC}") = "BusinessLayer", "BusinessLayer\BusinessLayer.csproj", "{BC86A79F-B0E7-4611-B43F-A7048ADCF3DB}"
EndProject
Project("{FAE04EC0-301F-11D3-BF4B-00C04F79EFBC}") = "CoreLayer", "CoreLayer\CoreLayer.csproj", "{D9EE51BC-EAFA-4A76-8B36-C766F5BA7DE1}"
EndProject
Global
	GlobalSection(SolutionConfigurationPlatforms) = preSolution
		Debug|Any CPU = Debug|Any CPU
		Release|Any CPU = Release|Any CPU
	EndGlobalSection
	GlobalSection(ProjectConfigurationPlatforms) = postSolution
		{2AFF7B18-DF68-4A71-9C33-4F5F0C3B32EE}.Debug|Any CPU.ActiveCfg = Debug|Any CPU
		{2AFF7B18-DF68-4A71-9C33-4F5F0C3B32EE}.Debug|Any CPU.Build.0 = Debug|Any CPU
		{2AFF7B18-DF68-4A71-9C33-4F5F0C3B32EE}.Release|Any CPU.ActiveCfg = Release|Any CPU
		{2AFF7B18-DF68-4A71-9C33-4F5F0C3B32EE}.Release|Any CPU.Build.0 = Release|Any CPU
		{973584B8-FAFE-4AD1-A041-076B0CC70844}.Debug|Any CPU.ActiveCfg = Debug|Any CPU
		{973584B8-FAFE-4AD1-A041-076B0CC70844}.Debug|Any CPU.Build.0 = Debug|Any CPU
		{973584B8-FAFE-4AD1-A041-076B0CC70844}.Release|Any CPU.ActiveCfg = Release|Any CPU
		{973584B8-FAFE-4AD1-A041-076B0CC70844}.Release|Any CPU.Build.0 = Release|Any CPU
		{FD121A8C-87AA-49D7-9734-646D343E5244}.Debug|Any CPU.ActiveCfg = Debug|Any CPU
		{FD121A8C-87AA-49D7-9734-646D343E5244}.Debug|Any CPU.Build.0 = Debug|Any CPU
		{FD121A8C-87AA-49D7-9734-646D343E5244}.Release|Any CPU.ActiveCfg = Release|Any CPU
		{FD121A8C-87AA-49D7-9734-646D343E5244}.Release|Any CPU.Build.0 = Release|Any CPU
		{BC86A79F-B0E7-4611-B43F-A7048ADCF3DB}.Debug|Any CPU.ActiveCfg = Debug|Any CPU
		{BC86A79F-B0E7-4611-B43F-A7048ADCF3DB}.Debug|Any CPU.Build.0 = Debug|Any CPU
		{BC86A79F-B0E7-4611-B43F-A7048ADCF3DB}.Release|Any CPU.ActiveCfg = Release|Any CPU
		{BC86A79F-B0E7-4611-B43F-A7048ADCF3DB}.Release|Any CPU.Build.0 = Release|Any CPU
		{D9EE51BC-EAFA-4A76-8B36-C766F5BA7DE1}.Debug|Any CPU.ActiveCfg = Debug|Any CPU
		{D9EE51BC-EAFA-4A76-8B36-C766F5BA7DE1}.Debug|Any CPU.Build.0 = Debug|Any CPU
		{D9EE51BC-EAFA-4A76-8B36-C766F5BA7DE1}.Release|Any CPU.ActiveCfg = Release|Any CPU
		{D9EE51BC-EAFA-4A76-8B36-C766F5BA7DE1}.Release|Any CPU.Build.0 = Release|Any CPU
	EndGlobalSection
	GlobalSection(SolutionProperties) = preSolution
		HideSolutionNode = FALSE
	EndGlobalSection
	GlobalSection(ExtensibilityGlobals) = postSolution
		SolutionGuid = {212E0429-E5F4-44EE-B374-BAF22EDC76A9}
	EndGlobalSection
EndGlobal
